
Microsoft Visual Studio Solution File, Format Version 12.00
# Visual Studio Version 17
VisualStudioVersion = 17.9.34723.18
MinimumVisualStudioVersion = 10.0.40219.1
Project("{FAE04EC0-301F-11D3-BF4B-00C04F79EFBC}") = "RoutingInCore", "RoutingInCore\RoutingInCore.csproj", "{56F4C963-6301-4813-A460-5B26D2B290D1}"
EndProject
Global
	GlobalSection(SolutionConfigurationPlatforms) = preSolution
		Debug|Any CPU = Debug|Any CPU
		Release|Any CPU = Release|Any CPU
	EndGlobalSection
	GlobalSection(ProjectConfigurationPlatforms) = postSolution
		{56F4C963-6301-4813-A460-5B26D2B290D1}.Debug|Any CPU.ActiveCfg = Debug|Any CPU
		{56F4C963-6301-4813-A460-5B26D2B290D1}.Debug|Any CPU.Build.0 = Debug|Any CPU
		{56F4C963-6301-4813-A460-5B26D2B290D1}.Release|Any CPU.ActiveCfg = Release|Any CPU
		{56F4C963-6301-4813-A460-5B26D2B290D1}.Release|Any CPU.Build.0 = Release|Any CPU
	EndGlobalSection
	GlobalSection(SolutionProperties) = preSolution
		HideSolutionNode = FALSE
	EndGlobalSection
	GlobalSection(ExtensibilityGlobals) = postSolution
		SolutionGuid = {EB94A09D-E989-4323-8BF8-7BD96774DA73}
	EndGlobalSection
EndGlobal
